lockfileVersion: '9.0'

settings:
  autoInstallPeers: true
  excludeLinksFromLockfile: false

importers:

  .:
    dependencies:
      '@bufbuild/protobuf':
        specifier: ^2.14.0
        version: 2.14.0
    devDependencies:
      '@bufbuild/protoc-gen-es':
        specifier: ^2.14.0
        version: 2.14.0(@bufbuild/protobuf@2.14.0)

packages:

  '@bufbuild/protobuf@2.14.0':
    resolution: {integrity: sha512-C3UGsiCwSprE2NKIIFA3hCDlpXTMCAXRZuEVp88L1GY36Y41+rYL5fryE+nOFhp4p4JPQvdV8PQ4DWgHgeTE+w==}

  '@bufbuild/protoc-gen-es@2.14.0':
    resolution: {integrity: sha512-/Rrui0BJWSRONiKGYzqWq9ivGN3+cYkmc47QWITufr7K6yDb8HfssuJUSQZeptyg/rHbHrfDzCUjzoJ2pwuafg==}
    engines: {node: '>=22'}
    hasBin: true
    peerDependencies:
      '@bufbuild/protobuf': 2.14.0
    peerDependenciesMeta:
      '@bufbuild/protobuf':
        optional: true

  '@bufbuild/protoplugin@2.14.0':
    resolution: {integrity: sha512-S0TvZhVtTEkZQRj2JsXBCXiib/b0+bLQtJCcn+hj9O/usgbcgxHn4D+ii22Ao3qj0/kKxVYeo7BtAI2dMk+iig==}

  '@typescript/vfs@1.6.4':
    resolution: {integrity: sha512-PJFXFS4ZJKiJ9Qiuix6Dz/OwEIqHD7Dme1UwZhTK11vR+5dqW2ACbdndWQexBzCx+CPuMe5WBYQWCsFyGlQLlQ==}
    peerDependencies:
      typescript: '*'

  debug@4.4.3:
    resolution: {integrity: sha512-RGwwWnwQvkVfavKVt22FGLw+xYSdzARwm0ru6DhTVA3umU5hZc28V3kO4stgYryrTlLpuvgI9GiijltAjNbcqA==}
    engines: {node: '>=6.0'}
    peerDependencies:
      supports-color: '*'
    peerDependenciesMeta:
      supports-color:
        optional: true

  ms@2.1.3:
    resolution: {integrity: sha512-6FlzubTLZG3J2a/NVCAleEhjzq5oxgHyaCU9yYXvcLsvoVaHJq/s5xXI6/XXP6tz7R9xAOtHnSO/tXtF3WRTlA==}

  typescript@5.4.5:
    resolution: {integrity: sha512-vcI4UpRgg81oIRUFwR0WSIHKt11nJ7SAVlYNIu+QpqeyXP+gpQJy/Z4+F0aGxSE4MqwjyXvW/TzgkLAx2AGHwQ==}
    engines: {node: '>=14.17'}
    hasBin: true

snapshots:

  '@bufbuild/protobuf@2.14.0': {}

  '@bufbuild/protoc-gen-es@2.14.0(@bufbuild/protobuf@2.14.0)':
    dependencies:
      '@bufbuild/protoplugin': 2.14.0
    optionalDependencies:
      '@bufbuild/protobuf': 2.14.0
    transitivePeerDependencies:
      - supports-color

  '@bufbuild/protoplugin@2.14.0':
    dependencies:
      '@bufbuild/protobuf': 2.14.0
      '@typescript/vfs': 1.6.4(typescript@5.4.5)
      typescript: 5.4.5
    transitivePeerDependencies:
      - supports-color

  '@typescript/vfs@1.6.4(typescript@5.4.5)':
    dependencies:
      debug: 4.4.3
      typescript: 5.4.5
    transitivePeerDependencies:
      - supports-color

  debug@4.4.3:
    dependencies:
      ms: 2.1.3

  ms@2.1.3: {}

  typescript@5.4.5: {}
